
Microsoft Visual Studio Solution File, Format Version 12.00
# Visual Studio 15
VisualStudioVersion = 15.0.26730.10
MinimumVisualStudioVersion = 10.0.40219.1
Project("{FAE04EC0-301F-11D3-BF4B-00C04F79EFBC}") = "BLL", "BLL\BLL.csproj", "{38EAAD3B-DE4D-42C6-8D72-913C5EAE1C8D}"
EndProject
Project("{FAE04EC0-301F-11D3-BF4B-00C04F79EFBC}") = "DAL", "DAL\DAL.csproj", "{EB5D115A-2D9D-4570-B589-3E97F7236B53}"
EndProject
Project("{FAE04EC0-301F-11D3-BF4B-00C04F79EFBC}") = "Windows", "WpfApp1\Windows.csproj", "{00798AEC-ABE3-4633-803F-AE57A3E826C7}"
EndProject
Project("{FAE04EC0-301F-11D3-BF4B-00C04F79EFBC}") = "Chat", "Chat\Chat.csproj", "{52B7C595-5CAF-45A5-8FE1-94FA6AB3D11A}"
EndProject
Project("{FAE04EC0-301F-11D3-BF4B-00C04F79EFBC}") = "WcfService1", "WcfService1\WcfService1.csproj", "{A344DCEB-EB38-4377-B03A-E90C0C87ECCA}"
EndProject
Global
	GlobalSection(SolutionConfigurationPlatforms) = preSolution
		Debug|Any CPU = Debug|Any CPU
		Release|Any CPU = Release|Any CPU
	EndGlobalSection
	GlobalSection(ProjectConfigurationPlatforms) = postSolution
		{38EAAD3B-DE4D-42C6-8D72-913C5EAE1C8D}.Debug|Any CPU.ActiveCfg = Debug|Any CPU
		{38EAAD3B-DE4D-42C6-8D72-913C5EAE1C8D}.Debug|Any CPU.Build.0 = Debug|Any CPU
		{38EAAD3B-DE4D-42C6-8D72-913C5EAE1C8D}.Release|Any CPU.ActiveCfg = Release|Any CPU
		{38EAAD3B-DE4D-42C6-8D72-913C5EAE1C8D}.Release|Any CPU.Build.0 = Release|Any CPU
		{EB5D115A-2D9D-4570-B589-3E97F7236B53}.Debug|Any CPU.ActiveCfg = Debug|Any CPU
		{EB5D115A-2D9D-4570-B589-3E97F7236B53}.Debug|Any CPU.Build.0 = Debug|Any CPU
		{EB5D115A-2D9D-4570-B589-3E97F7236B53}.Release|Any CPU.ActiveCfg = Release|Any CPU
		{EB5D115A-2D9D-4570-B589-3E97F7236B53}.Release|Any CPU.Build.0 = Release|Any CPU
		{00798AEC-ABE3-4633-803F-AE57A3E826C7}.Debug|Any CPU.ActiveCfg = Debug|Any CPU
		{00798AEC-ABE3-4633-803F-AE57A3E826C7}.Debug|Any CPU.Build.0 = Debug|Any CPU
		{00798AEC-ABE3-4633-803F-AE57A3E826C7}.Release|Any CPU.ActiveCfg = Release|Any CPU
		{00798AEC-ABE3-4633-803F-AE57A3E826C7}.Release|Any CPU.Build.0 = Release|Any CPU
		{52B7C595-5CAF-45A5-8FE1-94FA6AB3D11A}.Debug|Any CPU.ActiveCfg = Debug|Any CPU
		{52B7C595-5CAF-45A5-8FE1-94FA6AB3D11A}.Debug|Any CPU.Build.0 = Debug|Any CPU
		{52B7C595-5CAF-45A5-8FE1-94FA6AB3D11A}.Release|Any CPU.ActiveCfg = Release|Any CPU
		{52B7C595-5CAF-45A5-8FE1-94FA6AB3D11A}.Release|Any CPU.Build.0 = Release|Any CPU
		{A344DCEB-EB38-4377-B03A-E90C0C87ECCA}.Debug|Any CPU.ActiveCfg = Debug|Any CPU
		{A344DCEB-EB38-4377-B03A-E90C0C87ECCA}.Debug|Any CPU.Build.0 = Debug|Any CPU
		{A344DCEB-EB38-4377-B03A-E90C0C87ECCA}.Release|Any CPU.ActiveCfg = Release|Any CPU
		{A344DCEB-EB38-4377-B03A-E90C0C87ECCA}.Release|Any CPU.Build.0 = Release|Any CPU
	EndGlobalSection
	GlobalSection(SolutionProperties) = preSolution
		HideSolutionNode = FALSE
	EndGlobalSection
	GlobalSection(ExtensibilityGlobals) = postSolution
		SolutionGuid = {86B269FF-6015-43B4-9AE9-0F628BC5133E}
	EndGlobalSection
EndGlobal
